
Microsoft Visual Studio Solution File, Format Version 12.00
# Visual Studio Version 17
VisualStudioVersion = 17.6.33829.357
MinimumVisualStudioVersion = 10.0.40219.1
Project("{FAE04EC0-301F-11D3-BF4B-00C04F79EFBC}") = "crud4", "crud4\crud4.csproj", "{1059F9A0-205D-45F8-A0F3-AE487EB13588}"
EndProject
Global
	GlobalSection(SolutionConfigurationPlatforms) = preSolution
		Debug|Any CPU = Debug|Any CPU
		Release|Any CPU = Release|Any CPU
	EndGlobalSection
	GlobalSection(ProjectConfigurationPlatforms) = postSolution
		{1059F9A0-205D-45F8-A0F3-AE487EB13588}.Debug|Any CPU.ActiveCfg = Debug|Any CPU
		{1059F9A0-205D-45F8-A0F3-AE487EB13588}.Debug|Any CPU.Build.0 = Debug|Any CPU
		{1059F9A0-205D-45F8-A0F3-AE487EB13588}.Release|Any CPU.ActiveCfg = Release|Any CPU
		{1059F9A0-205D-45F8-A0F3-AE487EB13588}.Release|Any CPU.Build.0 = Release|Any CPU
	EndGlobalSection
	GlobalSection(SolutionProperties) = preSolution
		HideSolutionNode = FALSE
	EndGlobalSection
	GlobalSection(ExtensibilityGlobals) = postSolution
		SolutionGuid = {742A581F-F172-40F0-A826-1375D0C2A19A}
	EndGlobalSection
EndGlobal
