
Microsoft Visual Studio Solution File, Format Version 12.00
# Visual Studio Version 17
VisualStudioVersion = 17.6.33829.357
MinimumVisualStudioVersion = 10.0.40219.1
Project("{FAE04EC0-301F-11D3-BF4B-00C04F79EFBC}") = "gethttp", "gethttp\gethttp.csproj", "{B6A6AF7E-A64A-483E-AAC6-D75CFB418196}"
EndProject
Global
	GlobalSection(SolutionConfigurationPlatforms) = preSolution
		Debug|Any CPU = Debug|Any CPU
		Release|Any CPU = Release|Any CPU
	EndGlobalSection
	GlobalSection(ProjectConfigurationPlatforms) = postSolution
		{B6A6AF7E-A64A-483E-AAC6-D75CFB418196}.Debug|Any CPU.ActiveCfg = Debug|Any CPU
		{B6A6AF7E-A64A-483E-AAC6-D75CFB418196}.Debug|Any CPU.Build.0 = Debug|Any CPU
		{B6A6AF7E-A64A-483E-AAC6-D75CFB418196}.Release|Any CPU.ActiveCfg = Release|Any CPU
		{B6A6AF7E-A64A-483E-AAC6-D75CFB418196}.Release|Any CPU.Build.0 = Release|Any CPU
	EndGlobalSection
	GlobalSection(SolutionProperties) = preSolution
		HideSolutionNode = FALSE
	EndGlobalSection
	GlobalSection(ExtensibilityGlobals) = postSolution
		SolutionGuid = {DDBF68AA-0ACC-47C3-AF25-19EAB8E07421}
	EndGlobalSection
EndGlobal
